dependencies:
- name: backstage
  repository: https://backstage.github.io/charts
  version: 2.4.1
- name: cluster
  repository: https://cloudnative-pg.github.io/charts
  version: 0.3.0
digest: sha256:9bbbcfd128741a34f97bb71da2cd738dbc6790a819cfe39f58a4a52d812c75e9
generated: "2025-04-10T19:59:13.158993541Z"
