dependencies:
- name: backstage
  repository: https://backstage.github.io/charts
  version: 2.4.0
- name: cluster
  repository: https://cloudnative-pg.github.io/charts
  version: 0.2.1
digest: sha256:0405550dda71f14ff8e4ac65f105557a9905cb436c912159fcc56f8aa7a8cc31
generated: "2025-02-26T22:27:22.615766109Z"
