dependencies:
- name: backstage
  repository: https://backstage.github.io/charts
  version: 2.3.0
- name: cluster
  repository: https://cloudnative-pg.github.io/charts
  version: 0.2.0
digest: sha256:886491b5aaba1239c46dacdac03e3a0542dead8196c632cf367b014bf1e68d75
generated: "2025-01-07T20:36:12.057538385Z"
