dependencies:
- name: keycloak
  repository: https://charts.bitnami.com/bitnami
  version: 24.5.2
- name: postgresql
  repository: https://charts.bitnami.com/bitnami
  version: 16.6.3
- name: cluster
  repository: https://cloudnative-pg.github.io/charts
  version: 0.3.0
digest: sha256:57b57204e66cda956016c923d923d2389429f2627531ab8f30dbb08a31c3c412
generated: "2025-04-11T11:48:57.014987216Z"
