dependencies:
- name: keycloak
  repository: https://charts.bitnami.com/bitnami
  version: 24.5.2
- name: postgresql
  repository: https://charts.bitnami.com/bitnami
  version: 16.7.2
- name: cluster
  repository: https://cloudnative-pg.github.io/charts
  version: 0.3.0
digest: sha256:cdef15c0a6354f5a0fc2d16be1b32f160946a7b8a2a0e897dd787e29b9f9e74a
generated: "2025-05-09T22:47:25.504615243Z"
