dependencies:
- name: cluster
  repository: https://cloudnative-pg.github.io/charts
  version: 0.8.1
- name: keycloak
  repository: oci://ghcr.io/helmforgedev/helm
  version: 3.0.12
digest: sha256:e17b300f171dbebb6808e4f12c0d946c96a5dee068c4a66b76dffe4cc7614581
generated: "2026-09-03T09:52:00.904802+02:00"
