dependencies:
- name: loki
  repository: https://grafana.github.io/helm-charts
  version: 6.1.0
- name: minio
  repository: https://charts.min.io/
  version: 4.0.15
- name: grafana-agent-operator
  repository: https://grafana.github.io/helm-charts
  version: 0.3.15
- name: rollout-operator
  repository: https://grafana.github.io/helm-charts
  version: 0.13.0
digest: sha256:930c5f214aa283631b38b9e84e57a5bb854dc2d795271179114cd50aac61ac4b
generated: "2024-04-11T15:25:41.438205+02:00"
