dependencies:
- name: falco
  repository: https://falcosecurity.github.io/charts
  version: 8.0.5
- name: falco-exporter
  repository: https://falcosecurity.github.io/charts
  version: 0.12.2
- name: k8s-metacollector
  repository: https://falcosecurity.github.io/charts
  version: 0.3.0
digest: sha256:69b353d08dafe9616bdaf20d4e0a383af85ff8c04a4dc729b0043f8cbbe927ea
generated: "2026-05-14T18:23:21.096364984Z"
