dependencies:
- name: falco
  repository: https://falcosecurity.github.io/charts
  version: 4.11.2
- name: falco-exporter
  repository: https://falcosecurity.github.io/charts
  version: 0.12.1
- name: k8s-metacollector
  repository: https://falcosecurity.github.io/charts
  version: 0.1.10
digest: sha256:496e147d58f22a1522998e4fd52c6adf339306c60c7ced9375b950e9fca5c65c
generated: "2024-10-29T10:30:14.572898823Z"
