dependencies:
- name: falco
  repository: https://falcosecurity.github.io/charts
  version: 4.8.2
- name: falco-exporter
  repository: https://falcosecurity.github.io/charts
  version: 0.12.1
- name: k8s-metacollector
  repository: https://falcosecurity.github.io/charts
  version: 0.1.10
digest: sha256:c49bc1ec558b830ae2b8e77f7bf08dee5421aedaf96fc0e559d6569cdd932a6c
generated: "2024-09-12T15:56:22.345190777Z"
