dependencies:
- name: cloudnative-pg
  repository: https://cloudnative-pg.github.io/charts
  version: 0.28.2
- name: pgadmin4
  repository: https://helm.runix.net
  version: 1.62.0
digest: sha256:38266de6a8a6593bcd0dc242563986fc5e7b4ad4dbad611d1f1d0daa5d182330
generated: "2026-05-12T14:01:32.045052577Z"
