dependencies:
- name: cloudnative-pg
  repository: https://cloudnative-pg.github.io/charts
  version: 0.29.1
- name: pgadmin4
  repository: https://helm.runix.net
  version: 1.70.4
digest: sha256:8939b212336c753b067b5eede9970095099a74f66fc82f0ca5495cadc31e1a47
generated: "2026-09-27T07:19:26.535821289Z"
