dependencies:
- name: grafana
  repository: oci://ghcr.io/grafana-community/helm-charts
  version: 11.6.1
- name: cluster
  repository: https://cloudnative-pg.github.io/charts
  version: 0.6.0
digest: sha256:c784ffe331a73c378a50964174352f6dbe4e57a6dea762ebbc9d1675235944fa
generated: "2026-04-14T14:10:52.327470478Z"
