dependencies:
- name: grafana
  repository: https://grafana.github.io/helm-charts
  version: 10.4.0
- name: cluster
  repository: https://cloudnative-pg.github.io/charts
  version: 0.4.0
digest: sha256:2053e85b8e603ca967f9e2f82dee40b67496e52bcb512f35dfcee2f9ff678ca9
generated: "2025-12-18T13:36:22.630192565Z"
